{
    "_readme": [
        "This file locks the dependencies of your project to a known state",
        "Read more about it at https://getcomposer.org/doc/01-basic-usage.md#installing-dependencies",
        "This file is @generated automatically"
    ],
    "content-hash": "8cfcef2d15c9e36b5e1a961023b0be38",
    "packages": [
        {
            "name": "codeigniter4/framework",
            "version": "v4.1.3",
            "source": {
                "type": "git",
                "url": "https://github.com/codeigniter4/framework.git",
                "reference": "3416a0b4ca5c824f639beaf43f9e5b7e87511c5c"
            },
            "dist": {
                "type": "zip",
                "url": "https://api.github.com/repos/codeigniter4/framework/zipball/3416a0b4ca5c824f639beaf43f9e5b7e87511c5c",
                "reference": "3416a0b4ca5c824f639beaf43f9e5b7e87511c5c",
                "shasum": ""
            },
            "require": {
                "ext-curl": "*",
                "ext-intl": "*",
                "ext-json": "*",
                "ext-mbstring": "*",
                "kint-php/kint": "^3.3",
                "laminas/laminas-escaper": "^2.6",
                "php": "^7.3||^8.0",
                "psr/log": "^1.1"
            },
            "require-dev": {
                "codeigniter4/codeigniter4-standard": "^1.0",
                "fakerphp/faker": "^1.9",
                "mikey179/vfsstream": "^1.6",
                "phpunit/phpunit": "^9.1",
                "predis/predis": "^1.1",
                "squizlabs/php_codesniffer": "^3.3"
            },
            "suggest": {
                "ext-fileinfo": "Improves mime type detection for files"
            },
            "type": "project",
            "autoload": {
                "psr-4": {
                    "CodeIgniter\\": "system/"
                },
                "exclude-from-classmap": [
                    "**/Database/Migrations/**"
                ]
            },
            "notification-url": "https://packagist.org/downloads/",
            "license": [
                "MIT"
            ],
            "description": "The CodeIgniter framework v4",
            "homepage": "https://codeigniter.com",
            "support": {
                "forum": "http://forum.codeigniter.com/",
                "slack": "https://codeigniterchat.slack.com",
                "source": "https://github.com/codeigniter4/CodeIgniter4"
            },
            "time": "2021-06-05T23:58:18+00:00"
        },
        {
            "name": "kint-php/kint",
            "version": "3.3",
            "source": {
                "type": "git",
                "url": "https://github.com/kint-php/kint.git",
                "reference": "335ac1bcaf04d87df70d8aa51e8887ba2c6d203b"
            },
            "dist": {
                "type": "zip",
                "url": "https://api.github.com/repos/kint-php/kint/zipball/335ac1bcaf04d87df70d8aa51e8887ba2c6d203b",
                "reference": "335ac1bcaf04d87df70d8aa51e8887ba2c6d203b",
                "shasum": ""
            },
            "require": {
                "php": ">=5.3.6"
            },
            "require-dev": {
                "friendsofphp/php-cs-fixer": "^2.0",
                "phpunit/phpunit": "^4.0",
                "seld/phar-utils": "^1.0",
                "symfony/finder": "^2.0 || ^3.0 || ^4.0",
                "vimeo/psalm": "^3.0"
            },
            "suggest": {
                "ext-ctype": "Simple data type tests",
                "ext-iconv": "Provides fallback detection for ambiguous legacy string encodings such as the Windows and ISO 8859 code pages",
                "ext-mbstring": "Provides string encoding detection",
                "kint-php/kint-js": "Provides a simplified dump to console.log()",
                "kint-php/kint-twig": "Provides d() and s() functions in twig templates",
                "symfony/polyfill-ctype": "Replacement for ext-ctype if missing",
                "symfony/polyfill-iconv": "Replacement for ext-iconv if missing",
                "symfony/polyfill-mbstring": "Replacement for ext-mbstring if missing"
            },
            "type": "library",
            "autoload": {
                "files": [
                    "init.php"
                ],
                "psr-4": {
                    "Kint\\": "src/"
                }
            },
            "notification-url": "https://packagist.org/downloads/",
            "license": [
                "MIT"
            ],
            "authors": [
                {
                    "name": "Jonathan Vollebregt",
                    "homepage": "https://github.com/jnvsor"
                },
                {
                    "name": "Rokas Šleinius",
                    "homepage": "https://github.com/raveren"
                },
                {
                    "name": "Contributors",
                    "homepage": "https://github.com/kint-php/kint/graphs/contributors"
                }
            ],
            "description": "Kint - debugging tool for PHP developers",
            "homepage": "https://kint-php.github.io/kint/",
            "keywords": [
                "debug",
                "kint",
                "php"
            ],
            "support": {
                "issues": "https://github.com/kint-php/kint/issues",
                "source": "https://github.com/kint-php/kint/tree/master"
            },
            "time": "2019-10-17T18:05:24+00:00"
        },
        {
            "name": "laminas/laminas-escaper",
            "version": "2.8.0",
            "source": {
                "type": "git",
                "url": "https://github.com/laminas/laminas-escaper.git",
                "reference": "2d6dce99668b413610e9544183fa10392437f542"
            },
            "dist": {
                "type": "zip",
                "url": "https://api.github.com/repos/laminas/laminas-escaper/zipball/2d6dce99668b413610e9544183fa10392437f542",
                "reference": "2d6dce99668b413610e9544183fa10392437f542",
                "shasum": ""
            },
            "require": {
                "laminas/laminas-zendframework-bridge": "^1.0",
                "php": "^7.3 || ~8.0.0"
            },
            "replace": {
                "zendframework/zend-escaper": "^2.6.1"
            },
            "require-dev": {
                "laminas/laminas-coding-standard": "~2.3.0",
                "phpunit/phpunit": "^9.3",
                "psalm/plugin-phpunit": "^0.12.2",
                "vimeo/psalm": "^3.16"
            },
            "suggest": {
                "ext-iconv": "*",
                "ext-mbstring": "*"
            },
            "type": "library",
            "autoload": {
                "psr-4": {
                    "Laminas\\Escaper\\": "src/"
                }
            },
            "notification-url": "https://packagist.org/downloads/",
            "license": [
                "BSD-3-Clause"
            ],
            "description": "Securely and safely escape HTML, HTML attributes, JavaScript, CSS, and URLs",
            "homepage": "https://laminas.dev",
            "keywords": [
                "escaper",
                "laminas"
            ],
            "support": {
                "chat": "https://laminas.dev/chat",
                "docs": "https://docs.laminas.dev/laminas-escaper/",
                "forum": "https://discourse.laminas.dev",
                "issues": "https://github.com/laminas/laminas-escaper/issues",
                "rss": "https://github.com/laminas/laminas-escaper/releases.atom",
                "source": "https://github.com/laminas/laminas-escaper"
            },
            "funding": [
                {
                    "url": "https://funding.communitybridge.org/projects/laminas-project",
                    "type": "community_bridge"
                }
            ],
            "time": "2021-06-26T14:26:08+00:00"
        },
        {
            "name": "laminas/laminas-zendframework-bridge",
            "version": "1.3.0",
            "source": {
                "type": "git",
                "url": "https://github.com/laminas/laminas-zendframework-bridge.git",
                "reference": "13af2502d9bb6f7d33be2de4b51fb68c6cdb476e"
            },
            "dist": {
                "type": "zip",
                "url": "https://api.github.com/repos/laminas/laminas-zendframework-bridge/zipball/13af2502d9bb6f7d33be2de4b51fb68c6cdb476e",
                "reference": "13af2502d9bb6f7d33be2de4b51fb68c6cdb476e",
                "shasum": ""
            },
            "require": {
                "php": "^7.3 || ^8.0"
            },
            "require-dev": {
                "phpunit/phpunit": "^5.7 || ^6.5 || ^7.5 || ^8.1 || ^9.3",
                "psalm/plugin-phpunit": "^0.15.1",
                "squizlabs/php_codesniffer": "^3.5",
                "vimeo/psalm": "^4.6"
            },
            "type": "library",
            "extra": {
                "laminas": {
                    "module": "Laminas\\ZendFrameworkBridge"
                }
            },
            "autoload": {
                "files": [
                    "src/autoload.php"
                ],
                "psr-4": {
                    "Laminas\\ZendFrameworkBridge\\": "src//"
                }
            },
            "notification-url": "https://packagist.org/downloads/",
            "license": [
                "BSD-3-Clause"
            ],
            "description": "Alias legacy ZF class names to Laminas Project equivalents.",
            "keywords": [
                "ZendFramework",
                "autoloading",
                "laminas",
                "zf"
            ],
            "support": {
                "forum": "https://discourse.laminas.dev/",
                "issues": "https://github.com/laminas/laminas-zendframework-bridge/issues",
                "rss": "https://github.com/laminas/laminas-zendframework-bridge/releases.atom",
                "source": "https://github.com/laminas/laminas-zendframework-bridge"
            },
            "funding": [
                {
                    "url": "https://funding.communitybridge.org/projects/laminas-project",
                    "type": "community_bridge"
                }
            ],
            "time": "2021-06-24T12:49:22+00:00"
        },
        {
            "name": "mikey179/vfsstream",
            "version": "v1.6.9",
            "source": {
                "type": "git",
                "url": "https://github.com/bovigo/vfsStream.git",
                "reference": "2257e326dc3d0f50e55d0a90f71e37899f029718"
            },
            "dist": {
                "type": "zip",
                "url": "https://api.github.com/repos/bovigo/vfsStream/zipball/2257e326dc3d0f50e55d0a90f71e37899f029718",
                "reference": "2257e326dc3d0f50e55d0a90f71e37899f029718",
                "shasum": ""
            },
            "require": {
                "php": ">=5.3.0"
            },
            "require-dev": {
                "phpunit/phpunit": "^4.5|^5.0"
            },
            "type": "library",
            "extra": {
                "branch-alias": {
                    "dev-master": "1.6.x-dev"
                }
            },
            "autoload": {
                "psr-0": {
                    "org\\bovigo\\vfs\\": "src/main/php"
                }
            },
            "notification-url": "https://packagist.org/downloads/",
            "license": [
                "BSD-3-Clause"
            ],
            "authors": [
                {
                    "name": "Frank Kleine",
                    "homepage": "http://frankkleine.de/",
                    "role": "Developer"
                }
            ],
            "description": "Virtual file system to mock the real file system in unit tests.",
            "homepage": "http://vfs.bovigo.org/",
            "support": {
                "issues": "https://github.com/bovigo/vfsStream/issues",
                "source": "https://github.com/bovigo/vfsStream/tree/master",
                "wiki": "https://github.com/bovigo/vfsStream/wiki"
            },
            "time": "2021-07-16T08:08:02+00:00"
        },
        {
            "name": "psr/log",
            "version": "1.1.4",
            "source": {
                "type": "git",
                "url": "https://github.com/php-fig/log.git",
                "reference": "d49695b909c3b7628b6289db5479a1c204601f11"
            },
            "dist": {
                "type": "zip",
                "url": "https://api.github.com/repos/php-fig/log/zipball/d49695b909c3b7628b6289db5479a1c204601f11",
                "reference": "d49695b909c3b7628b6289db5479a1c204601f11",
                "shasum": ""
            },
            "require": {
                "php": ">=5.3.0"
            },
            "type": "library",
            "extra": {
                "branch-alias": {
                    "dev-master": "1.1.x-dev"
                }
            },
            "autoload": {
                "psr-4": {
                    "Psr\\Log\\": "Psr/Log/"
                }
            },
            "notification-url": "https://packagist.org/downloads/",
            "license": [
                "MIT"
            ],
            "authors": [
                {
                    "name": "PHP-FIG",
                    "homepage": "https://www.php-fig.org/"
                }
            ],
            "description": "Common interface for logging libraries",
            "homepage": "https://github.com/php-fig/log",
            "keywords": [
                "log",
                "psr",
                "psr-3"
            ],
            "support": {
                "source": "https://github.com/php-fig/log/tree/1.1.4"
            },
            "time": "2021-05-03T11:20:27+00:00"
        },
        {
            "name": "tatter/relations",
            "version": "v2.0.6",
            "source": {
                "type": "git",
                "url": "https://github.com/tattersoftware/codeigniter4-relations.git",
                "reference": "d033806af70e3eade9baf89ac4ea5c5995b92d59"
            },
            "dist": {
                "type": "zip",
                "url": "https://api.github.com/repos/tattersoftware/codeigniter4-relations/zipball/d033806af70e3eade9baf89ac4ea5c5995b92d59",
                "reference": "d033806af70e3eade9baf89ac4ea5c5995b92d59",
                "shasum": ""
            },
            "require": {
                "php": "^7.2|^8.0",
                "tatter/schemas": "^2.0"
            },
            "require-dev": {
                "codeigniter4/codeigniter4": "dev-develop",
                "tatter/tools": "^1.3"
            },
            "type": "library",
            "autoload": {
                "psr-4": {
                    "Tatter\\Relations\\": "src"
                },
                "exclude-from-classmap": [
                    "**/Database/Migrations/**"
                ]
            },
            "notification-url": "https://packagist.org/downloads/",
            "license": [
                "MIT"
            ],
            "authors": [
                {
                    "name": "Matthew Gatner",
                    "email": "mgatner@tattersoftware.com",
                    "homepage": "https://tattersoftware.com",
                    "role": "Developer"
                }
            ],
            "description": "Entity relationships for CodeIgniter 4",
            "homepage": "https://github.com/tattersoftware/codeigniter4-relations",
            "keywords": [
                "Relationships",
                "codeigniter",
                "codeigniter4",
                "database",
                "entity",
                "mapping",
                "relations"
            ],
            "support": {
                "issues": "https://github.com/tattersoftware/codeigniter4-relations/issues",
                "source": "https://github.com/tattersoftware/codeigniter4-relations/tree/v2.0.6"
            },
            "time": "2020-12-30T16:54:38+00:00"
        },
        {
            "name": "tatter/schemas",
            "version": "v2.0.12",
            "source": {
                "type": "git",
                "url": "https://github.com/tattersoftware/codeigniter4-schemas.git",
                "reference": "36e71bc8f8de8126d5cf91f9e9d13412facbe1eb"
            },
            "dist": {
                "type": "zip",
                "url": "https://api.github.com/repos/tattersoftware/codeigniter4-schemas/zipball/36e71bc8f8de8126d5cf91f9e9d13412facbe1eb",
                "reference": "36e71bc8f8de8126d5cf91f9e9d13412facbe1eb",
                "shasum": ""
            },
            "require": {
                "php": ">=7.2"
            },
            "require-dev": {
                "codeigniter4/codeigniter4": "dev-develop",
                "mockery/mockery": "^1.0",
                "phpunit/phpunit": "8.5.*"
            },
            "type": "library",
            "autoload": {
                "psr-4": {
                    "Tatter\\Schemas\\": "src"
                }
            },
            "notification-url": "https://packagist.org/downloads/",
            "license": [
                "MIT"
            ],
            "authors": [
                {
                    "name": "Matthew Gatner",
                    "email": "mgatner@tattersoftware.com",
                    "homepage": "https://tattersoftware.com",
                    "role": "Developer"
                }
            ],
            "description": "Database schema management, for CodeIgniter 4",
            "homepage": "https://github.com/tattersoftware/codeigniter4-schemas",
            "keywords": [
                "codeigniter",
                "codeigniter4",
                "database",
                "mapping",
                "schemas",
                "structure"
            ],
            "support": {
                "issues": "https://github.com/tattersoftware/codeigniter4-schemas/issues",
                "source": "https://github.com/tattersoftware/codeigniter4-schemas/tree/v2.0.12"
            },
            "time": "2020-11-11T21:36:54+00:00"
        }
    ],
    "packages-dev": [
        {
            "name": "tatter/patches",
            "version": "v2.0.3",
            "source": {
                "type": "git",
                "url": "https://github.com/tattersoftware/codeigniter4-patches.git",
                "reference": "8401b5f5cc4acd8c15a41e5e5b3cadf650a72d42"
            },
            "dist": {
                "type": "zip",
                "url": "https://api.github.com/repos/tattersoftware/codeigniter4-patches/zipball/8401b5f5cc4acd8c15a41e5e5b3cadf650a72d42",
                "reference": "8401b5f5cc4acd8c15a41e5e5b3cadf650a72d42",
                "shasum": ""
            },
            "require": {
                "php": "^7.3 || ^8.0"
            },
            "bin": [
                "src/patch"
            ],
            "type": "library",
            "notification-url": "https://packagist.org/downloads/",
            "license": [
                "MIT"
            ],
            "authors": [
                {
                    "name": "Matthew Gatner",
                    "email": "mgatner@tattersoftware.com",
                    "homepage": "https://tattersoftware.com",
                    "role": "Developer"
                }
            ],
            "description": "Automated project updates for CodeIgniter 4",
            "homepage": "https://github.com/tattersoftware/codeigniter4-patches",
            "keywords": [
                "automatic",
                "autoupdate",
                "codeigniter",
                "codeigniter4",
                "patches",
                "update"
            ],
            "support": {
                "issues": "https://github.com/tattersoftware/codeigniter4-patches/issues",
                "source": "https://github.com/tattersoftware/codeigniter4-patches/tree/v2.0.3"
            },
            "funding": [
                {
                    "url": "https://paypal.me/tatter",
                    "type": "custom"
                },
                {
                    "url": "https://github.com/tattersoftware",
                    "type": "github"
                }
            ],
            "time": "2021-06-10T19:03:37+00:00"
        }
    ],
    "aliases": [],
    "minimum-stability": "stable",
    "stability-flags": [],
    "prefer-stable": false,
    "prefer-lowest": false,
    "platform": {
        "php": ">=7.4||^8.0",
        "ext-mbstring": "*",
        "ext-json": "*"
    },
    "platform-dev": [],
    "plugin-api-version": "2.0.0"
}
